
Microsoft Visual Studio Solution File, Format Version 11.00
# Visual Studio 2010
Project("{8BC9CEB8-8B4A-11D0-8D11-00A0C91BC942}") = "Discovering_Groups", "Discovering_Groups\Discovering_Groups.vcxproj", "{0FBC8E32-C779-44C9-93F8-9AB246587487}"
EndProject
Project("{8BC9CEB8-8B4A-11D0-8D11-00A0C91BC942}") = "Making_Recommendations", "Making_Recommendations\Making_Recommendations.vcxproj", "{BFD60D11-6ECC-4A9C-A034-0E808ABAAD84}"
EndProject
Global
	GlobalSection(SolutionConfigurationPlatforms) = preSolution
		Debug|Win32 = Debug|Win32
		Release|Win32 = Release|Win32
	EndGlobalSection
	GlobalSection(ProjectConfigurationPlatforms) = postSolution
		{0FBC8E32-C779-44C9-93F8-9AB246587487}.Debug|Win32.ActiveCfg = Debug|Win32
		{0FBC8E32-C779-44C9-93F8-9AB246587487}.Debug|Win32.Build.0 = Debug|Win32
		{0FBC8E32-C779-44C9-93F8-9AB246587487}.Release|Win32.ActiveCfg = Release|Win32
		{0FBC8E32-C779-44C9-93F8-9AB246587487}.Release|Win32.Build.0 = Release|Win32
		{BFD60D11-6ECC-4A9C-A034-0E808ABAAD84}.Debug|Win32.ActiveCfg = Debug|Win32
		{BFD60D11-6ECC-4A9C-A034-0E808ABAAD84}.Debug|Win32.Build.0 = Debug|Win32
		{BFD60D11-6ECC-4A9C-A034-0E808ABAAD84}.Release|Win32.ActiveCfg = Release|Win32
		{BFD60D11-6ECC-4A9C-A034-0E808ABAAD84}.Release|Win32.Build.0 = Release|Win32
	EndGlobalSection
	GlobalSection(SolutionProperties) = preSolution
		HideSolutionNode = FALSE
	EndGlobalSection
EndGlobal
